{
  "name": "node",
  "version": "1.0.0",
  "lockfileVersion": 2,
  "requires": true,
  "packages": {
    "": {
      "name": "node",
      "version": "1.0.0",
      "license": "ISC",
      "dependencies": {
        "read-file": "^0.2.0",
        "write-file": "^1.0.0"
      },
      "devDependencies": {}
    },
    "node_modules/is-buffer": {
      "version": "1.1.6",
      "resolved": "https://registry.npmjs.org/is-buffer/-/is-buffer-1.1.6.tgz",
      "integrity": "sha512-NcdALwpXkTm5Zvvbk7owOUSvVvBKDgKP5/ewfXEznmQFfs4ZRmanOeKBTjRVjka3QFoN6XJ+9F3USqfHqTaU5w=="
    },
    "node_modules/minimist": {
      "version": "1.2.8",
      "resolved": "https://registry.npmjs.org/minimist/-/minimist-1.2.8.tgz",
      "integrity": "sha512-2yyAR8qBkN3YuheJanUpWC5U3bb5osDywNB8RzDVlDwDHbocAJveqqj1u8+SVD7jkWT4yvsHCpWqqWqAxb0zCA==",
      "funding": {
        "url": "https://github.com/sponsors/ljharb"
      }
    },
    "node_modules/mkdirp": {
      "version": "0.5.6",
      "resolved": "https://registry.npmjs.org/mkdirp/-/mkdirp-0.5.6.tgz",
      "integrity": "sha512-FP+p8RB8OWpF3YZBCrP5gtADmtXApB5AMLn+vdyA+PyxCjrCs00mjyUozssO33cwDeT3wNGdLxJ5M//YqtHAJw==",
      "dependencies": {
        "minimist": "^1.2.6"
      },
      "bin": {
        "mkdirp": "bin/cmd.js"
      }
    },
    "node_modules/read-file": {
      "version": "0.2.0",
      "resolved": "https://registry.npmjs.org/read-file/-/read-file-0.2.0.tgz",
      "integrity": "sha512-na/zgd5KplGlR+io+ygXQMIoDfX/Y0bNS5+P2TOXOTk5plquOVd0snudCd30hZJAsnVK2rxuxUP2z0CN+Aw1lQ==",
      "engines": {
        "node": ">=0.8"
      }
    },
    "node_modules/write-file": {
      "version": "1.0.0",
      "resolved": "https://registry.npmjs.org/write-file/-/write-file-1.0.0.tgz",
      "integrity": "sha512-WEBmx/TOH+anYnxYSSXHvWo54eGaDaAywrn7NqzB7OBXMfkxRLMz7bCO7WoIFhyYj724cwWBd74SE+9wuPc2Nw==",
      "dependencies": {
        "is-buffer": "^1.1.4",
        "mkdirp": "^0.5.1"
      }
    }
  },
  "dependencies": {
    "is-buffer": {
      "version": "1.1.6",
      "resolved": "https://registry.npmjs.org/is-buffer/-/is-buffer-1.1.6.tgz",
      "integrity": "sha512-NcdALwpXkTm5Zvvbk7owOUSvVvBKDgKP5/ewfXEznmQFfs4ZRmanOeKBTjRVjka3QFoN6XJ+9F3USqfHqTaU5w=="
    },
    "minimist": {
      "version": "1.2.8",
      "resolved": "https://registry.npmjs.org/minimist/-/minimist-1.2.8.tgz",
      "integrity": "sha512-2yyAR8qBkN3YuheJanUpWC5U3bb5osDywNB8RzDVlDwDHbocAJveqqj1u8+SVD7jkWT4yvsHCpWqqWqAxb0zCA=="
    },
    "mkdirp": {
      "version": "0.5.6",
      "resolved": "https://registry.npmjs.org/mkdirp/-/mkdirp-0.5.6.tgz",
      "integrity": "sha512-FP+p8RB8OWpF3YZBCrP5gtADmtXApB5AMLn+vdyA+PyxCjrCs00mjyUozssO33cwDeT3wNGdLxJ5M//YqtHAJw==",
      "requires": {
        "minimist": "^1.2.6"
      }
    },
    "read-file": {
      "version": "0.2.0",
      "resolved": "https://registry.npmjs.org/read-file/-/read-file-0.2.0.tgz",
      "integrity": "sha512-na/zgd5KplGlR+io+ygXQMIoDfX/Y0bNS5+P2TOXOTk5plquOVd0snudCd30hZJAsnVK2rxuxUP2z0CN+Aw1lQ=="
    },
    "write-file": {
      "version": "1.0.0",
      "resolved": "https://registry.npmjs.org/write-file/-/write-file-1.0.0.tgz",
      "integrity": "sha512-WEBmx/TOH+anYnxYSSXHvWo54eGaDaAywrn7NqzB7OBXMfkxRLMz7bCO7WoIFhyYj724cwWBd74SE+9wuPc2Nw==",
      "requires": {
        "is-buffer": "^1.1.4",
        "mkdirp": "^0.5.1"
      }
    }
  }
}
